Microsoft Visual Studio Solution File, Format Version 12.00
# Visual Studio Version 16
VisualStudioVersion = 16.0.34114.132
MinimumVisualStudioVersion = 10.0.40219.1
Project("{8BC9CEB8-8B4A-11D0-8D11-00A0C91BC942}") = "PoolGame", "PoolGame.vcxproj", "{71D2BC47-56DD-410A-86BA-D68ACD7EBEB8}"
EndProject
Global
	GlobalSection(SolutionConfigurationPlatforms) = preSolution
		Debug|x86 = Debug|x86
		Release|x86 = Release|x86
	EndGlobalSection
	GlobalSection(ProjectConfigurationPlatforms) = postSolution
		{71D2BC47-56DD-410A-86BA-D68ACD7EBEB8}.Debug|x86.ActiveCfg = Debug|Win32
		{71D2BC47-56DD-410A-86BA-D68ACD7EBEB8}.Debug|x86.Build.0 = Debug|Win32
		{71D2BC47-56DD-410A-86BA-D68ACD7EBEB8}.Release|x86.ActiveCfg = Release|Win32
		{71D2BC47-56DD-410A-86BA-D68ACD7EBEB8}.Release|x86.Build.0 = Release|Win32
	EndGlobalSection
	GlobalSection(SolutionProperties) = preSolution
		HideSolutionNode = FALSE
	EndGlobalSection
	GlobalSection(ExtensibilityGlobals) = postSolution
		SolutionGuid = {4678B318-5684-484B-BA22-0934A5E6AAB8}
	EndGlobalSection
	GlobalSection(DevPartner Solution Properties) = postSolution
	EndGlobalSection
EndGlobal
